// !$*UTF8*$!
{
	archiveVersion = 1;
	classes = {
	};
	objectVersion = 46;
	objects = {

/* Begin PBXBuildFile section */
		833D18561C09C85F0027D604 /* main.m in Sources */ = {isa = PBXBuildFile; fileRef = 833D18551C09C85F0027D604 /* main.m */; };
		833D18591C09C85F0027D604 /* AppDelegate.m in Sources */ = {isa = PBXBuildFile; fileRef = 833D18581C09C85F0027D604 /* AppDelegate.m */; };
		833D185C1C09C85F0027D604 /* ViewController.m in Sources */ = {isa = PBXBuildFile; fileRef = 833D185B1C09C85F0027D604 /* ViewController.m */; };
		833D185F1C09C85F0027D604 /* Main.storyboard in Resources */ = {isa = PBXBuildFile; fileRef = 833D185D1C09C85F0027D604 /* Main.storyboard */; };
		833D18641C09C85F0027D604 /* Assets.xcassets in Resources */ = {isa = PBXBuildFile; fileRef = 833D18631C09C85F0027D604 /* Assets.xcassets */; };
		833D18671C09C85F0027D604 /* LaunchScreen.storyboard in Resources */ = {isa = PBXBuildFile; fileRef = 833D18651C09C85F0027D604 /* LaunchScreen.storyboard */; };
		833D18721C09D8530027D604 /* Integreat.xcdatamodeld in Sources */ = {isa = PBXBuildFile; fileRef = 833D18701C09D8530027D604 /* Integreat.xcdatamodeld */; };
		833D18BF1C09E25A0027D604 /* Language+CoreDataProperties.m in Sources */ = {isa = PBXBuildFile; fileRef = 833D18B41C09E25A0027D604 /* Language+CoreDataProperties.m */; };
		833D18C01C09E25A0027D604 /* Language.m in Sources */ = {isa = PBXBuildFile; fileRef = 833D18B61C09E25A0027D604 /* Language.m */; };
		833D18C11C09E25A0027D604 /* Page+CoreDataProperties.m in Sources */ = {isa = PBXBuildFile; fileRef = 833D18B81C09E25A0027D604 /* Page+CoreDataProperties.m */; };
		833D18C21C09E25A0027D604 /* Page.m in Sources */ = {isa = PBXBuildFile; fileRef = 833D18BA1C09E25A0027D604 /* Page.m */; };
		833D18C31C09E25A0027D604 /* Location+CoreDataProperties.m in Sources */ = {isa = PBXBuildFile; fileRef = 833D18BC1C09E25A0027D604 /* Location+CoreDataProperties.m */; };
		833D18C41C09E25A0027D604 /* Location.m in Sources */ = {isa = PBXBuildFile; fileRef = 833D18BE1C09E25A0027D604 /* Location.m */; };
/* End PBXBuildFile section */

/* Begin PBXFileReference section */
		833D18511C09C85F0027D604 /* Integreat.app */ = {isa = PBXFileReference; explicitFileType = wrapper.application; includeInIndex = 0; path = Integreat.app; sourceTree = BUILT_PRODUCTS_DIR; };
		833D18551C09C85F0027D604 /* main.m */ = {isa = PBXFileReference; lastKnownFileType = sourcecode.c.objc; path = main.m; sourceTree = "<group>"; };
		833D18571C09C85F0027D604 /* AppDelegate.h */ = {isa = PBXFileReference; lastKnownFileType = sourcecode.c.h; path = AppDelegate.h; sourceTree = "<group>"; };
		833D18581C09C85F0027D604 /* AppDelegate.m */ = {isa = PBXFileReference; lastKnownFileType = sourcecode.c.objc; path = AppDelegate.m; sourceTree = "<group>"; };
		833D185A1C09C85F0027D604 /* ViewController.h */ = {isa = PBXFileReference; lastKnownFileType = sourcecode.c.h; path = ViewController.h; sourceTree = "<group>"; };
		833D185B1C09C85F0027D604 /* ViewController.m */ = {isa = PBXFileReference; lastKnownFileType = sourcecode.c.objc; path = ViewController.m; sourceTree = "<group>"; };
		833D185E1C09C85F0027D604 /* Base */ = {isa = PBXFileReference; lastKnownFileType = file.storyboard; name = Base; path = Base.lproj/Main.storyboard; sourceTree = "<group>"; };
		833D18631C09C85F0027D604 /* Assets.xcassets */ = {isa = PBXFileReference; lastKnownFileType = folder.assetcatalog; path = Assets.xcassets; sourceTree = "<group>"; };
		833D18661C09C85F0027D604 /* Base */ = {isa = PBXFileReference; lastKnownFileType = file.storyboard; name = Base; path = Base.lproj/LaunchScreen.storyboard; sourceTree = "<group>"; };
		833D18681C09C85F0027D604 /* Info.plist */ = {isa = PBXFileReference; lastKnownFileType = text.plist.xml; path = Info.plist; sourceTree = "<group>"; };
		833D18711C09D8530027D604 /* Integreat.xcdatamodel */ = {isa = PBXFileReference; lastKnownFileType = wrapper.xcdatamodel; path = Integreat.xcdatamodel; sourceTree = "<group>"; };
		833D189A1C09E18A0027D604 /* Integreat-Bridging-Header.h */ = {isa = PBXFileReference; lastKnownFileType = sourcecode.c.h; path = "Integreat-Bridging-Header.h"; sourceTree = "<group>"; };
		833D18B31C09E25A0027D604 /* Language+CoreDataProperties.h */ = {isa = PBXFileReference; fileEncoding = 4; lastKnownFileType = sourcecode.c.h; name = "Language+CoreDataProperties.h"; path = "model/Language+CoreDataProperties.h"; sourceTree = "<group>"; };
		833D18B41C09E25A0027D604 /* Language+CoreDataProperties.m */ = {isa = PBXFileReference; fileEncoding = 4; lastKnownFileType = sourcecode.c.objc; name = "Language+CoreDataProperties.m"; path = "model/Language+CoreDataProperties.m"; sourceTree = "<group>"; };
		833D18B51C09E25A0027D604 /* Language.h */ = {isa = PBXFileReference; fileEncoding = 4; lastKnownFileType = sourcecode.c.h; name = Language.h; path = model/Language.h; sourceTree = "<group>"; };
		833D18B61C09E25A0027D604 /* Language.m */ = {isa = PBXFileReference; fileEncoding = 4; lastKnownFileType = sourcecode.c.objc; name = Language.m; path = model/Language.m; sourceTree = "<group>"; };
		833D18B71C09E25A0027D604 /* Page+CoreDataProperties.h */ = {isa = PBXFileReference; fileEncoding = 4; lastKnownFileType = sourcecode.c.h; name = "Page+CoreDataProperties.h"; path = "model/Page+CoreDataProperties.h"; sourceTree = "<group>"; };
		833D18B81C09E25A0027D604 /* Page+CoreDataProperties.m */ = {isa = PBXFileReference; fileEncoding = 4; lastKnownFileType = sourcecode.c.objc; name = "Page+CoreDataProperties.m"; path = "model/Page+CoreDataProperties.m"; sourceTree = "<group>"; };
		833D18B91C09E25A0027D604 /* Page.h */ = {isa = PBXFileReference; fileEncoding = 4; lastKnownFileType = sourcecode.c.h; name = Page.h; path = model/Page.h; sourceTree = "<group>"; };
		833D18BA1C09E25A0027D604 /* Page.m */ = {isa = PBXFileReference; fileEncoding = 4; lastKnownFileType = sourcecode.c.objc; name = Page.m; path = model/Page.m; sourceTree = "<group>"; };
		833D18BB1C09E25A0027D604 /* Location+CoreDataProperties.h */ = {isa = PBXFileReference; fileEncoding = 4; lastKnownFileType = sourcecode.c.h; name = "Location+CoreDataProperties.h"; path = "model/Location+CoreDataProperties.h"; sourceTree = "<group>"; };
		833D18BC1C09E25A0027D604 /* Location+CoreDataProperties.m */ = {isa = PBXFileReference; fileEncoding = 4; lastKnownFileType = sourcecode.c.objc; name = "Location+CoreDataProperties.m"; path = "model/Location+CoreDataProperties.m"; sourceTree = "<group>"; };
		833D18BD1C09E25A0027D604 /* Location.h */ = {isa = PBXFileReference; fileEncoding = 4; lastKnownFileType = sourcecode.c.h; name = Location.h; path = model/Location.h; sourceTree = "<group>"; };
		833D18BE1C09E25A0027D604 /* Location.m */ = {isa = PBXFileReference; fileEncoding = 4; lastKnownFileType = sourcecode.c.objc; name = Location.m; path = model/Location.m; sourceTree = "<group>"; };
/* End PBXFileReference section */

/* Begin PBXFrameworksBuildPhase section */
		833D184E1C09C85F0027D604 /* Frameworks */ = {
			isa = PBXFrameworksBuildPhase;
			buildActionMask = 2147483647;
			files = (
			);
			runOnlyForDeploymentPostprocessing = 0;
		};
/* End PBXFrameworksBuildPhase section */

/* Begin PBXGroup section */
		833D18481C09C85F0027D604 = {
			isa = PBXGroup;
			children = (
				833D18531C09C85F0027D604 /* Integreat */,
				833D18521C09C85F0027D604 /* Products */,
			);
			sourceTree = "<group>";
		};
		833D18521C09C85F0027D604 /* Products */ = {
			isa = PBXGroup;
			children = (
				833D18511C09C85F0027D604 /* Integreat.app */,
			);
			name = Products;
			sourceTree = "<group>";
		};
		833D18531C09C85F0027D604 /* Integreat */ = {
			isa = PBXGroup;
			children = (
				833D186F1C09D8480027D604 /* model */,
				833D186E1C09CD630027D604 /* viewcontrollers */,
				833D18571C09C85F0027D604 /* AppDelegate.h */,
				833D18581C09C85F0027D604 /* AppDelegate.m */,
				833D185A1C09C85F0027D604 /* ViewController.h */,
				833D185B1C09C85F0027D604 /* ViewController.m */,
				833D185D1C09C85F0027D604 /* Main.storyboard */,
				833D18631C09C85F0027D604 /* Assets.xcassets */,
				833D18651C09C85F0027D604 /* LaunchScreen.storyboard */,
				833D18681C09C85F0027D604 /* Info.plist */,
				833D189A1C09E18A0027D604 /* Integreat-Bridging-Header.h */,
				833D18541C09C85F0027D604 /* Supporting Files */,
			);
			path = Integreat;
			sourceTree = "<group>";
		};
		833D18541C09C85F0027D604 /* Supporting Files */ = {
			isa = PBXGroup;
			children = (
				833D18551C09C85F0027D604 /* main.m */,
			);
			name = "Supporting Files";
			sourceTree = "<group>";
		};
		833D186E1C09CD630027D604 /* viewcontrollers */ = {
			isa = PBXGroup;
			children = (
			);
			name = viewcontrollers;
			sourceTree = "<group>";
		};
		833D186F1C09D8480027D604 /* model */ = {
			isa = PBXGroup;
			children = (
				833D18701C09D8530027D604 /* Integreat.xcdatamodeld */,
				833D18B51C09E25A0027D604 /* Language.h */,
				833D18B61C09E25A0027D604 /* Language.m */,
				833D18B31C09E25A0027D604 /* Language+CoreDataProperties.h */,
				833D18B41C09E25A0027D604 /* Language+CoreDataProperties.m */,
				833D18B91C09E25A0027D604 /* Page.h */,
				833D18BA1C09E25A0027D604 /* Page.m */,
				833D18B71C09E25A0027D604 /* Page+CoreDataProperties.h */,
				833D18B81C09E25A0027D604 /* Page+CoreDataProperties.m */,
				833D18BD1C09E25A0027D604 /* Location.h */,
				833D18BE1C09E25A0027D604 /* Location.m */,
				833D18BB1C09E25A0027D604 /* Location+CoreDataProperties.h */,
				833D18BC1C09E25A0027D604 /* Location+CoreDataProperties.m */,
			);
			name = model;
			sourceTree = "<group>";
		};
/* End PBXGroup section */

/* Begin PBXNativeTarget section */
		833D18501C09C85F0027D604 /* Integreat */ = {
			isa = PBXNativeTarget;
			buildConfigurationList = 833D186B1C09C85F0027D604 /* Build configuration list for PBXNativeTarget "Integreat" */;
			buildPhases = (
				833D184D1C09C85F0027D604 /* Sources */,
				833D184E1C09C85F0027D604 /* Frameworks */,
				833D184F1C09C85F0027D604 /* Resources */,
			);
			buildRules = (
			);
			dependencies = (
			);
			name = Integreat;
			productName = Integreat;
			productReference = 833D18511C09C85F0027D604 /* Integreat.app */;
			productType = "com.apple.product-type.application";
		};
/* End PBXNativeTarget section */

/* Begin PBXProject section */
		833D18491C09C85F0027D604 /* Project object */ = {
			isa = PBXProject;
			attributes = {
				LastUpgradeCheck = 0710;
				ORGANIZATIONNAME = Integreat;
				TargetAttributes = {
					833D18501C09C85F0027D604 = {
						CreatedOnToolsVersion = 7.1.1;
					};
				};
			};
			buildConfigurationList = 833D184C1C09C85F0027D604 /* Build configuration list for PBXProject "Integreat" */;
			compatibilityVersion = "Xcode 3.2";
			developmentRegion = English;
			hasScannedForEncodings = 0;
			knownRegions = (
				en,
				Base,
			);
			mainGroup = 833D18481C09C85F0027D604;
			productRefGroup = 833D18521C09C85F0027D604 /* Products */;
			projectDirPath = "";
			projectRoot = "";
			targets = (
				833D18501C09C85F0027D604 /* Integreat */,
			);
		};
/* End PBXProject section */

/* Begin PBXResourcesBuildPhase section */
		833D184F1C09C85F0027D604 /* Resources */ = {
			isa = PBXResourcesBuildPhase;
			buildActionMask = 2147483647;
			files = (
				833D18671C09C85F0027D604 /* LaunchScreen.storyboard in Resources */,
				833D18641C09C85F0027D604 /* Assets.xcassets in Resources */,
				833D185F1C09C85F0027D604 /* Main.storyboard in Resources */,
			);
			runOnlyForDeploymentPostprocessing = 0;
		};
/* End PBXResourcesBuildPhase section */

/* Begin PBXSourcesBuildPhase section */
		833D184D1C09C85F0027D604 /* Sources */ = {
			isa = PBXSourcesBuildPhase;
			buildActionMask = 2147483647;
			files = (
				833D185C1C09C85F0027D604 /* ViewController.m in Sources */,
				833D18591C09C85F0027D604 /* AppDelegate.m in Sources */,
				833D18561C09C85F0027D604 /* main.m in Sources */,
				833D18C31C09E25A0027D604 /* Location+CoreDataProperties.m in Sources */,
				833D18C01C09E25A0027D604 /* Language.m in Sources */,
				833D18C11C09E25A0027D604 /* Page+CoreDataProperties.m in Sources */,
				833D18C41C09E25A0027D604 /* Location.m in Sources */,
				833D18BF1C09E25A0027D604 /* Language+CoreDataProperties.m in Sources */,
				833D18C21C09E25A0027D604 /* Page.m in Sources */,
				833D18721C09D8530027D604 /* Integreat.xcdatamodeld in Sources */,
			);
			runOnlyForDeploymentPostprocessing = 0;
		};
/* End PBXSourcesBuildPhase section */

/* Begin PBXVariantGroup section */
		833D185D1C09C85F0027D604 /* Main.storyboard */ = {
			isa = PBXVariantGroup;
			children = (
				833D185E1C09C85F0027D604 /* Base */,
			);
			name = Main.storyboard;
			sourceTree = "<group>";
		};
		833D18651C09C85F0027D604 /* LaunchScreen.storyboard */ = {
			isa = PBXVariantGroup;
			children = (
				833D18661C09C85F0027D604 /* Base */,
			);
			name = LaunchScreen.storyboard;
			sourceTree = "<group>";
		};
/* End PBXVariantGroup section */

/* Begin XCBuildConfiguration section */
		833D18691C09C85F0027D604 /* Debug */ = {
			isa = XCBuildConfiguration;
			buildSettings = {
				ALWAYS_SEARCH_USER_PATHS = NO;
				CLANG_CXX_LANGUAGE_STANDARD = "gnu++0x";
				CLANG_CXX_LIBRARY = "libc++";
				CLANG_ENABLE_MODULES = YES;
				CLANG_ENABLE_OBJC_ARC = YES;
				CLANG_WARN_BOOL_CONVERSION = YES;
				CLANG_WARN_CONSTANT_CONVERSION = YES;
				CLANG_WARN_DIRECT_OBJC_ISA_USAGE = YES_ERROR;
				CLANG_WARN_EMPTY_BODY = YES;
				CLANG_WARN_ENUM_CONVERSION = YES;
				CLANG_WARN_INT_CONVERSION = YES;
				CLANG_WARN_OBJC_ROOT_CLASS = YES_ERROR;
				CLANG_WARN_UNREACHABLE_CODE = YES;
				CLANG_WARN__DUPLICATE_METHOD_MATCH = YES;
				"CODE_SIGN_IDENTITY[sdk=iphoneos*]" = "iPhone Developer";
				COPY_PHASE_STRIP = NO;
				DEBUG_INFORMATION_FORMAT = dwarf;
				ENABLE_STRICT_OBJC_MSGSEND = YES;
				ENABLE_TESTABILITY = YES;
				GCC_C_LANGUAGE_STANDARD = gnu99;
				GCC_DYNAMIC_NO_PIC = NO;
				GCC_NO_COMMON_BLOCKS = YES;
				GCC_OPTIMIZATION_LEVEL = 0;
				GCC_PREPROCESSOR_DEFINITIONS = (
					"DEBUG=1",
					"$(inherited)",
				);
				GCC_WARN_64_TO_32_BIT_CONVERSION = YES;
				GCC_WARN_ABOUT_RETURN_TYPE = YES_ERROR;
				GCC_WARN_UNDECLARED_SELECTOR = YES;
				GCC_WARN_UNINITIALIZED_AUTOS = YES_AGGRESSIVE;
				GCC_WARN_UNUSED_FUNCTION = YES;
				GCC_WARN_UNUSED_VARIABLE = YES;
				IPHONEOS_DEPLOYMENT_TARGET = 9.1;
				MTL_ENABLE_DEBUG_INFO = YES;
				ONLY_ACTIVE_ARCH = YES;
				SDKROOT = iphoneos;
				TARGETED_DEVICE_FAMILY = "1,2";
			};
			name = Debug;
		};
		833D186A1C09C85F0027D604 /* Release */ = {
			isa = XCBuildConfiguration;
			buildSettings = {
				ALWAYS_SEARCH_USER_PATHS = NO;
				CLANG_CXX_LANGUAGE_STANDARD = "gnu++0x";
				CLANG_CXX_LIBRARY = "libc++";
				CLANG_ENABLE_MODULES = YES;
				CLANG_ENABLE_OBJC_ARC = YES;
				CLANG_WARN_BOOL_CONVERSION = YES;
				CLANG_WARN_CONSTANT_CONVERSION = YES;
				CLANG_WARN_DIRECT_OBJC_ISA_USAGE = YES_ERROR;
				CLANG_WARN_EMPTY_BODY = YES;
				CLANG_WARN_ENUM_CONVERSION = YES;
				CLANG_WARN_INT_CONVERSION = YES;
				CLANG_WARN_OBJC_ROOT_CLASS = YES_ERROR;
				CLANG_WARN_UNREACHABLE_CODE = YES;
				CLANG_WARN__DUPLICATE_METHOD_MATCH = YES;
				"CODE_SIGN_IDENTITY[sdk=iphoneos*]" = "iPhone Developer";
				COPY_PHASE_STRIP = NO;
				DEBUG_INFORMATION_FORMAT = "dwarf-with-dsym";
				ENABLE_NS_ASSERTIONS = NO;
				ENABLE_STRICT_OBJC_MSGSEND = YES;
				GCC_C_LANGUAGE_STANDARD = gnu99;
				GCC_NO_COMMON_BLOCKS = YES;
				GCC_WARN_64_TO_32_BIT_CONVERSION = YES;
				GCC_WARN_ABOUT_RETURN_TYPE = YES_ERROR;
				GCC_WARN_UNDECLARED_SELECTOR = YES;
				GCC_WARN_UNINITIALIZED_AUTOS = YES_AGGRESSIVE;
				GCC_WARN_UNUSED_FUNCTION = YES;
				GCC_WARN_UNUSED_VARIABLE = YES;
				IPHONEOS_DEPLOYMENT_TARGET = 9.1;
				MTL_ENABLE_DEBUG_INFO = NO;
				SDKROOT = iphoneos;
				TARGETED_DEVICE_FAMILY = "1,2";
				VALIDATE_PRODUCT = YES;
			};
			name = Release;
		};
		833D186C1C09C85F0027D604 /* Debug */ = {
			isa = XCBuildConfiguration;
			buildSettings = {
				ASSETCATALOG_COMPILER_APPICON_NAME = AppIcon;
				CLANG_ENABLE_MODULES = YES;
				INFOPLIST_FILE = Integreat/Info.plist;
				LD_RUNPATH_SEARCH_PATHS = "$(inherited) @executable_path/Frameworks";
				PRODUCT_BUNDLE_IDENTIFIER = tuerantuer.app.Integreat;
				PRODUCT_NAME = "$(TARGET_NAME)";
				SWIFT_OBJC_BRIDGING_HEADER = "Integreat/Integreat-Bridging-Header.h";
				SWIFT_OPTIMIZATION_LEVEL = "-Onone";
			};
			name = Debug;
		};
		833D186D1C09C85F0027D604 /* Release */ = {
			isa = XCBuildConfiguration;
			buildSettings = {
				ASSETCATALOG_COMPILER_APPICON_NAME = AppIcon;
				CLANG_ENABLE_MODULES = YES;
				INFOPLIST_FILE = Integreat/Info.plist;
				LD_RUNPATH_SEARCH_PATHS = "$(inherited) @executable_path/Frameworks";
				PRODUCT_BUNDLE_IDENTIFIER = tuerantuer.app.Integreat;
				PRODUCT_NAME = "$(TARGET_NAME)";
				SWIFT_OBJC_BRIDGING_HEADER = "Integreat/Integreat-Bridging-Header.h";
			};
			name = Release;
		};
/* End XCBuildConfiguration section */

/* Begin XCConfigurationList section */
		833D184C1C09C85F0027D604 /* Build configuration list for PBXProject "Integreat" */ = {
			isa = XCConfigurationList;
			buildConfigurations = (
				833D18691C09C85F0027D604 /* Debug */,
				833D186A1C09C85F0027D604 /* Release */,
			);
			defaultConfigurationIsVisible = 0;
			defaultConfigurationName = Release;
		};
		833D186B1C09C85F0027D604 /* Build configuration list for PBXNativeTarget "Integreat" */ = {
			isa = XCConfigurationList;
			buildConfigurations = (
				833D186C1C09C85F0027D604 /* Debug */,
				833D186D1C09C85F0027D604 /* Release */,
			);
			defaultConfigurationIsVisible = 0;
			defaultConfigurationName = Release;
		};
/* End XCConfigurationList section */

/* Begin XCVersionGroup section */
		833D18701C09D8530027D604 /* Integreat.xcdatamodeld */ = {
			isa = XCVersionGroup;
			children = (
				833D18711C09D8530027D604 /* Integreat.xcdatamodel */,
			);
			currentVersion = 833D18711C09D8530027D604 /* Integreat.xcdatamodel */;
			name = Integreat.xcdatamodeld;
			path = model/Integreat.xcdatamodeld;
			sourceTree = "<group>";
			versionGroupType = wrapper.xcdatamodel;
		};
/* End XCVersionGroup section */
	};
	rootObject = 833D18491C09C85F0027D604 /* Project object */;
}
